langcode: en
status: true
dependencies:
  module:
    - oe_corporate_blocks
  theme:
    - oe_whitelabel
id: eufooterblock
theme: oe_whitelabel
region: footer
weight: 0
provider: null
plugin: oe_corporate_blocks_eu_footer
settings:
  id: oe_corporate_blocks_eu_footer
  label: 'EU Footer block'
  provider: oe_corporate_blocks
  label_display: '0'
visibility: {  }
