langcode: en
status: true
dependencies:
  module:
    - oe_whitelabel_helper
  theme:
    - oe_whitelabel
id: corporateeulogoblock
theme: oe_whitelabel
region: navbar_left
weight: -2
provider: null
plugin: whitelabel_eu_logo_block
settings:
  id: whitelabel_eu_logo_block
  label: 'Corporate EU Logo Block'
  provider: oe_whitelabel_helper
  label_display: '0'
visibility: {  }
